
Microsoft Visual Studio Solution File, Format Version 12.00
# Visual Studio Version 17
VisualStudioVersion = 17.0.31903.59
MinimumVisualStudioVersion = 10.0.40219.1
Project("{FAE04EC0-301F-11D3-BF4B-00C04F79EFBC}") = "Carpark.Api", "Carpark.Api\Carpark.Api.csproj", "{7A7A181A-C0B9-4248-AACC-422894B571F7}"
EndProject
Project("{FAE04EC0-301F-11D3-BF4B-00C04F79EFBC}") = "Carpark.Database", "Carpark.Database\Carpark.Database.csproj", "{BB70CF52-D840-4FEA-8033-06BB4CFB9198}"
EndProject
Project("{2150E333-8FDC-42A3-9474-1A3956D46DE8}") = "Api", "Api", "{C7BA6662-05B7-40A5-AA53-3BD09919A687}"
EndProject
Project("{2150E333-8FDC-42A3-9474-1A3956D46DE8}") = "Infrastructure", "Infrastructure", "{31687965-48EC-443E-A7EE-75C300E3898A}"
EndProject
Project("{FAE04EC0-301F-11D3-BF4B-00C04F79EFBC}") = "Carpark.Api.Contracts", "Carpark.Api.Contracts\Carpark.Api.Contracts.csproj", "{4812CC18-5804-4485-A41A-2FD130E4F22A}"
EndProject
Project("{2150E333-8FDC-42A3-9474-1A3956D46DE8}") = "Business", "Business", "{40FBF8EB-EA7D-4237-B08D-71964AD4A071}"
EndProject
Project("{FAE04EC0-301F-11D3-BF4B-00C04F79EFBC}") = "Carpark.Business", "Carpark.Business\Carpark.Business.csproj", "{00D5EBC7-4277-4908-A769-EE5B3E78F6EF}"
EndProject
Project("{FAE04EC0-301F-11D3-BF4B-00C04F79EFBC}") = "Carpark.Business.UnitTests", "Carpark.Business.UnitTests\Carpark.Business.UnitTests.csproj", "{C7DCB854-AFB4-40EF-92AD-BE3AE6CC5FD5}"
EndProject
Project("{2150E333-8FDC-42A3-9474-1A3956D46DE8}") = "Domain", "Domain", "{B6E8B053-CB1F-409D-B29D-511893AB489C}"
EndProject
Project("{FAE04EC0-301F-11D3-BF4B-00C04F79EFBC}") = "Carpark.Domain", "Carpark.Domain\Carpark.Domain.csproj", "{12C7B567-1A39-4E98-9F8D-117688BED8EB}"
EndProject
Global
	GlobalSection(SolutionConfigurationPlatforms) = preSolution
		Debug|Any CPU = Debug|Any CPU
		Release|Any CPU = Release|Any CPU
	EndGlobalSection
	GlobalSection(SolutionProperties) = preSolution
		HideSolutionNode = FALSE
	EndGlobalSection
	GlobalSection(ProjectConfigurationPlatforms) = postSolution
		{7A7A181A-C0B9-4248-AACC-422894B571F7}.Debug|Any CPU.ActiveCfg = Debug|Any CPU
		{7A7A181A-C0B9-4248-AACC-422894B571F7}.Debug|Any CPU.Build.0 = Debug|Any CPU
		{7A7A181A-C0B9-4248-AACC-422894B571F7}.Release|Any CPU.ActiveCfg = Release|Any CPU
		{7A7A181A-C0B9-4248-AACC-422894B571F7}.Release|Any CPU.Build.0 = Release|Any CPU
		{BB70CF52-D840-4FEA-8033-06BB4CFB9198}.Debug|Any CPU.ActiveCfg = Debug|Any CPU
		{BB70CF52-D840-4FEA-8033-06BB4CFB9198}.Debug|Any CPU.Build.0 = Debug|Any CPU
		{BB70CF52-D840-4FEA-8033-06BB4CFB9198}.Release|Any CPU.ActiveCfg = Release|Any CPU
		{BB70CF52-D840-4FEA-8033-06BB4CFB9198}.Release|Any CPU.Build.0 = Release|Any CPU
		{4812CC18-5804-4485-A41A-2FD130E4F22A}.Debug|Any CPU.ActiveCfg = Debug|Any CPU
		{4812CC18-5804-4485-A41A-2FD130E4F22A}.Debug|Any CPU.Build.0 = Debug|Any CPU
		{4812CC18-5804-4485-A41A-2FD130E4F22A}.Release|Any CPU.ActiveCfg = Release|Any CPU
		{4812CC18-5804-4485-A41A-2FD130E4F22A}.Release|Any CPU.Build.0 = Release|Any CPU
		{00D5EBC7-4277-4908-A769-EE5B3E78F6EF}.Debug|Any CPU.ActiveCfg = Debug|Any CPU
		{00D5EBC7-4277-4908-A769-EE5B3E78F6EF}.Debug|Any CPU.Build.0 = Debug|Any CPU
		{00D5EBC7-4277-4908-A769-EE5B3E78F6EF}.Release|Any CPU.ActiveCfg = Release|Any CPU
		{00D5EBC7-4277-4908-A769-EE5B3E78F6EF}.Release|Any CPU.Build.0 = Release|Any CPU
		{C7DCB854-AFB4-40EF-92AD-BE3AE6CC5FD5}.Debug|Any CPU.ActiveCfg = Debug|Any CPU
		{C7DCB854-AFB4-40EF-92AD-BE3AE6CC5FD5}.Debug|Any CPU.Build.0 = Debug|Any CPU
		{C7DCB854-AFB4-40EF-92AD-BE3AE6CC5FD5}.Release|Any CPU.ActiveCfg = Release|Any CPU
		{C7DCB854-AFB4-40EF-92AD-BE3AE6CC5FD5}.Release|Any CPU.Build.0 = Release|Any CPU
		{12C7B567-1A39-4E98-9F8D-117688BED8EB}.Debug|Any CPU.ActiveCfg = Debug|Any CPU
		{12C7B567-1A39-4E98-9F8D-117688BED8EB}.Debug|Any CPU.Build.0 = Debug|Any CPU
		{12C7B567-1A39-4E98-9F8D-117688BED8EB}.Release|Any CPU.ActiveCfg = Release|Any CPU
		{12C7B567-1A39-4E98-9F8D-117688BED8EB}.Release|Any CPU.Build.0 = Release|Any CPU
	EndGlobalSection
	GlobalSection(NestedProjects) = preSolution
		{7A7A181A-C0B9-4248-AACC-422894B571F7} = {C7BA6662-05B7-40A5-AA53-3BD09919A687}
		{BB70CF52-D840-4FEA-8033-06BB4CFB9198} = {31687965-48EC-443E-A7EE-75C300E3898A}
		{4812CC18-5804-4485-A41A-2FD130E4F22A} = {C7BA6662-05B7-40A5-AA53-3BD09919A687}
		{00D5EBC7-4277-4908-A769-EE5B3E78F6EF} = {40FBF8EB-EA7D-4237-B08D-71964AD4A071}
		{C7DCB854-AFB4-40EF-92AD-BE3AE6CC5FD5} = {40FBF8EB-EA7D-4237-B08D-71964AD4A071}
		{12C7B567-1A39-4E98-9F8D-117688BED8EB} = {B6E8B053-CB1F-409D-B29D-511893AB489C}
	EndGlobalSection
EndGlobal
